{
    "name": "bazel_scoped_package_example",
    "version": "0.1.0",
    "lockfileVersion": 1,
    "requires": true,
    "dependencies": {
        "@babel/runtime": {
            "version": "7.8.7",
            "resolved": "https://registry.npmjs.org/@babel/runtime/-/runtime-7.8.7.tgz",
            "integrity": "sha512-+AATMUFppJDw6aiR5NVPHqIQBlV/Pj8wY/EZH+lmvRdUo9xBaz/rF3alAwFJQavvKfeOlPE7oaaDHVbcySbCsg==",
            "dev": true,
            "requires": {
                "regenerator-runtime": "^0.13.4"
            }
        },
        "@babel/runtime-corejs3": {
            "version": "7.8.7",
            "resolved": "https://registry.npmjs.org/@babel/runtime-corejs3/-/runtime-corejs3-7.8.7.tgz",
            "integrity": "sha512-sc7A+H4I8kTd7S61dgB9RomXu/C+F4IrRr4Ytze4dnfx7AXEpCrejSNpjx7vq6y/Bak9S6Kbk65a/WgMLtg43Q==",
            "dev": true,
            "requires": {
                "core-js-pure": "^3.0.0",
                "regenerator-runtime": "^0.13.4"
            }
        },
        "@bazel/bazelisk": {
            "version": "1.3.0",
            "resolved": "https://registry.npmjs.org/@bazel/bazelisk/-/bazelisk-1.3.0.tgz",
            "integrity": "sha512-73H1nq3572tTf+dhDT86aWQN+LCyfxrh05jabqPXp6cpR8soxte3gS5oUqkN36fUe+J2HzNiV4CXZTz4Xytd3Q==",
            "dev": true
        },
        "@bazel/buildifier": {
            "version": "2.2.1",
            "resolved": "https://registry.npmjs.org/@bazel/buildifier/-/buildifier-2.2.1.tgz",
            "integrity": "sha512-fDWMV2x03/K5dZnAEBeKS0gpn0LWCiv5kjhMB6q0f1Q5x6S7/+xoownxgWyNRo+qHxn+a2CtQSCRUpSC8QNg/w==",
            "dev": true
        },
        "@bazel/ibazel": {
            "version": "0.12.2",
            "resolved": "https://registry.npmjs.org/@bazel/ibazel/-/ibazel-0.12.2.tgz",
            "integrity": "sha512-CktVREceZn+6VokQ7A2qByuXBSGRM0THuyv68JUShHYyCkYS94nYMZEIe5NXk12CRzcpMLfZGD5Gdtr+jWs9pw==",
            "dev": true
        },
        "@bazel/typescript": {
            "version": "1.4.1",
            "resolved": "https://registry.npmjs.org/@bazel/typescript/-/typescript-1.4.1.tgz",
            "integrity": "sha512-+R/cZcQpuvGfxqc9s/qu/LBWGNV93iSPTt/mvXq6hfH+sABmrrC/E0+WxapuQaaPdKqR3zSdDIIBV70FUMozsg==",
            "dev": true,
            "requires": {
                "protobufjs": "6.8.8",
                "semver": "5.6.0",
                "source-map-support": "0.5.9",
                "tsutils": "2.27.2"
            }
        },
        "@jest/types": {
            "version": "24.9.0",
            "resolved": "https://registry.npmjs.org/@jest/types/-/types-24.9.0.tgz",
            "integrity": "sha512-XKK7ze1apu5JWQ5eZjHITP66AX+QsLlbaJRBGYr8pNzwcAE2JVkwnf0yqjHTsDRcjR0mujy/NmZMXw5kl+kGBw==",
            "dev": true,
            "requires": {
                "@types/istanbul-lib-coverage": "^2.0.0",
                "@types/istanbul-reports": "^1.1.1",
                "@types/yargs": "^13.0.0"
            }
        },
        "@protobufjs/aspromise": {
            "version": "1.1.2",
            "resolved": "https://registry.npmjs.org/@protobufjs/aspromise/-/aspromise-1.1.2.tgz",
            "integrity": "sha1-m4sMxmPWaafY9vXQiToU00jzD78=",
            "dev": true
        },
        "@protobufjs/base64": {
            "version": "1.1.2",
            "resolved": "https://registry.npmjs.org/@protobufjs/base64/-/base64-1.1.2.tgz",
            "integrity": "sha512-AZkcAA5vnN/v4PDqKyMR5lx7hZttPDgClv83E//FMNhR2TMcLUhfRUBHCmSl0oi9zMgDDqRUJkSxO3wm85+XLg==",
            "dev": true
        },
        "@protobufjs/codegen": {
            "version": "2.0.4",
            "resolved": "https://registry.npmjs.org/@protobufjs/codegen/-/codegen-2.0.4.tgz",
            "integrity": "sha512-YyFaikqM5sH0ziFZCN3xDC7zeGaB/d0IUb9CATugHWbd1FRFwWwt4ld4OYMPWu5a3Xe01mGAULCdqhMlPl29Jg==",
            "dev": true
        },
        "@protobufjs/eventemitter": {
            "version": "1.1.0",
            "resolved": "https://registry.npmjs.org/@protobufjs/eventemitter/-/eventemitter-1.1.0.tgz",
            "integrity": "sha1-NVy8mLr61ZePntCV85diHx0Ga3A=",
            "dev": true
        },
        "@protobufjs/fetch": {
            "version": "1.1.0",
            "resolved": "https://registry.npmjs.org/@protobufjs/fetch/-/fetch-1.1.0.tgz",
            "integrity": "sha1-upn7WYYUr2VwDBYZ/wbUVLDYTEU=",
            "dev": true,
            "requires": {
                "@protobufjs/aspromise": "^1.1.1",
                "@protobufjs/inquire": "^1.1.0"
            }
        },
        "@protobufjs/float": {
            "version": "1.0.2",
            "resolved": "https://registry.npmjs.org/@protobufjs/float/-/float-1.0.2.tgz",
            "integrity": "sha1-Xp4avctz/Ap8uLKR33jIy9l7h9E=",
            "dev": true
        },
        "@protobufjs/inquire": {
            "version": "1.1.0",
            "resolved": "https://registry.npmjs.org/@protobufjs/inquire/-/inquire-1.1.0.tgz",
            "integrity": "sha1-/yAOPnzyQp4tyvwRQIKOjMY48Ik=",
            "dev": true
        },
        "@protobufjs/path": {
            "version": "1.1.2",
            "resolved": "https://registry.npmjs.org/@protobufjs/path/-/path-1.1.2.tgz",
            "integrity": "sha1-bMKyDFya1q0NzP0hynZz2Nf79o0=",
            "dev": true
        },
        "@protobufjs/pool": {
            "version": "1.1.0",
            "resolved": "https://registry.npmjs.org/@protobufjs/pool/-/pool-1.1.0.tgz",
            "integrity": "sha1-Cf0V8tbTq/qbZbw2ZQbWrXhG/1Q=",
            "dev": true
        },
        "@protobufjs/utf8": {
            "version": "1.1.0",
            "resolved": "https://registry.npmjs.org/@protobufjs/utf8/-/utf8-1.1.0.tgz",
            "integrity": "sha1-p3c2C1s5oaLlEG+OhY8v0tBgxXA=",
            "dev": true
        },
        "@testing-library/dom": {
            "version": "7.0.3",
            "resolved": "https://registry.npmjs.org/@testing-library/dom/-/dom-7.0.3.tgz",
            "integrity": "sha512-zBGQX1Ik+dK3nCdLa9jY5d0DHA4Bx79zaT0Zlv6avOcgop9gf6ff/43Z4rJDDIO2nFsWdoLdoJQY5VQ4TanLsw==",
            "dev": true,
            "requires": {
                "@babel/runtime": "^7.8.4",
                "@types/testing-library__dom": "^6.12.1",
                "aria-query": "^4.0.2",
                "dom-accessibility-api": "^0.3.0",
                "pretty-format": "^25.1.0"
            }
        },
        "@testing-library/react": {
            "version": "10.0.1",
            "resolved": "https://registry.npmjs.org/@testing-library/react/-/react-10.0.1.tgz",
            "integrity": "sha512-sMHWud2dcymOzq2AhEniICSijEwKeTiBX+K0y36FYNY7wH2t0SIP1o732Bf5dDY0jYoMC2hj2UJSVpZC/rDsWg==",
            "dev": true,
            "requires": {
                "@babel/runtime": "^7.8.7",
                "@testing-library/dom": "^7.0.2",
                "@types/testing-library__react": "^9.1.3"
            }
        },
        "@types/color-name": {
            "version": "1.1.1",
            "resolved": "https://registry.npmjs.org/@types/color-name/-/color-name-1.1.1.tgz",
            "integrity": "sha512-rr+OQyAjxze7GgWrSaJwydHStIhHq2lvY3BOC2Mj7KnzI7XK0Uw1TOOdI9lDoajEbSWLiYgoo4f1R51erQfhPQ==",
            "dev": true
        },
        "@types/istanbul-lib-coverage": {
            "version": "2.0.1",
            "resolved": "https://registry.npmjs.org/@types/istanbul-lib-coverage/-/istanbul-lib-coverage-2.0.1.tgz",
            "integrity": "sha512-hRJD2ahnnpLgsj6KWMYSrmXkM3rm2Dl1qkx6IOFD5FnuNPXJIG5L0dhgKXCYTRMGzU4n0wImQ/xfmRc4POUFlg==",
            "dev": true
        },
        "@types/istanbul-lib-report": {
            "version": "3.0.0",
            "resolved": "https://registry.npmjs.org/@types/istanbul-lib-report/-/istanbul-lib-report-3.0.0.tgz",
            "integrity": "sha512-plGgXAPfVKFoYfa9NpYDAkseG+g6Jr294RqeqcqDixSbU34MZVJRi/P+7Y8GDpzkEwLaGZZOpKIEmeVZNtKsrg==",
            "dev": true,
            "requires": {
                "@types/istanbul-lib-coverage": "*"
            }
        },
        "@types/istanbul-reports": {
            "version": "1.1.1",
            "resolved": "https://registry.npmjs.org/@types/istanbul-reports/-/istanbul-reports-1.1.1.tgz",
            "integrity": "sha512-UpYjBi8xefVChsCoBpKShdxTllC9pwISirfoZsUa2AAdQg/Jd2KQGtSbw+ya7GPo7x/wAPlH6JBhKhAsXUEZNA==",
            "dev": true,
            "requires": {
                "@types/istanbul-lib-coverage": "*",
                "@types/istanbul-lib-report": "*"
            }
        },
        "@types/long": {
            "version": "4.0.1",
            "resolved": "https://registry.npmjs.org/@types/long/-/long-4.0.1.tgz",
            "integrity": "sha512-5tXH6Bx/kNGd3MgffdmP4dy2Z+G4eaXw0SE81Tq3BNadtnMR5/ySMzX4SLEzHJzSmPNn4HIdpQsBvXMUykr58w==",
            "dev": true
        },
        "@types/node": {
            "version": "10.17.17",
            "resolved": "https://registry.npmjs.org/@types/node/-/node-10.17.17.tgz",
            "integrity": "sha512-gpNnRnZP3VWzzj5k3qrpRC6Rk3H/uclhAVo1aIvwzK5p5cOrs9yEyQ8H/HBsBY0u5rrWxXEiVPQ0dEB6pkjE8Q==",
            "dev": true
        },
        "@types/prop-types": {
            "version": "15.7.3",
            "resolved": "https://registry.npmjs.org/@types/prop-types/-/prop-types-15.7.3.tgz",
            "integrity": "sha512-KfRL3PuHmqQLOG+2tGpRO26Ctg+Cq1E01D2DMriKEATHgWLfeNDmq9e29Q9WIky0dQ3NPkd1mzYH8Lm936Z9qw==",
            "dev": true
        },
        "@types/react": {
            "version": "16.9.23",
            "resolved": "https://registry.npmjs.org/@types/react/-/react-16.9.23.tgz",
            "integrity": "sha512-SsGVT4E7L2wLN3tPYLiF20hmZTPGuzaayVunfgXzUn1x4uHVsKH6QDJQ/TdpHqwsTLd4CwrmQ2vOgxN7gE24gw==",
            "dev": true,
            "requires": {
                "@types/prop-types": "*",
                "csstype": "^2.2.0"
            }
        },
        "@types/react-dom": {
            "version": "16.9.5",
            "resolved": "https://registry.npmjs.org/@types/react-dom/-/react-dom-16.9.5.tgz",
            "integrity": "sha512-BX6RQ8s9D+2/gDhxrj8OW+YD4R+8hj7FEM/OJHGNR0KipE1h1mSsf39YeyC81qafkq+N3rU3h3RFbLSwE5VqUg==",
            "dev": true,
            "requires": {
                "@types/react": "*"
            }
        },
        "@types/testing-library__dom": {
            "version": "6.14.0",
            "resolved": "https://registry.npmjs.org/@types/testing-library__dom/-/testing-library__dom-6.14.0.tgz",
            "integrity": "sha512-sMl7OSv0AvMOqn1UJ6j1unPMIHRXen0Ita1ujnMX912rrOcawe4f7wu0Zt9GIQhBhJvH2BaibqFgQ3lP+Pj2hA==",
            "dev": true,
            "requires": {
                "pretty-format": "^24.3.0"
            },
            "dependencies": {
                "pretty-format": {
                    "version": "24.9.0",
                    "resolved": "https://registry.npmjs.org/pretty-format/-/pretty-format-24.9.0.tgz",
                    "integrity": "sha512-00ZMZUiHaJrNfk33guavqgvfJS30sLYf0f8+Srklv0AMPodGGHcoHgksZ3OThYnIvOd+8yMCn0YiEOogjlgsnA==",
                    "dev": true,
                    "requires": {
                        "@jest/types": "^24.9.0",
                        "ansi-regex": "^4.0.0",
                        "ansi-styles": "^3.2.0",
                        "react-is": "^16.8.4"
                    }
                }
            }
        },
        "@types/testing-library__react": {
            "version": "9.1.3",
            "resolved": "https://registry.npmjs.org/@types/testing-library__react/-/testing-library__react-9.1.3.tgz",
            "integrity": "sha512-iCdNPKU3IsYwRK9JieSYAiX0+aYDXOGAmrC/3/M7AqqSDKnWWVv07X+Zk1uFSL7cMTUYzv4lQRfohucEocn5/w==",
            "dev": true,
            "requires": {
                "@types/react-dom": "*",
                "@types/testing-library__dom": "*",
                "pretty-format": "^25.1.0"
            }
        },
        "@types/yargs": {
            "version": "13.0.8",
            "resolved": "https://registry.npmjs.org/@types/yargs/-/yargs-13.0.8.tgz",
            "integrity": "sha512-XAvHLwG7UQ+8M4caKIH0ZozIOYay5fQkAgyIXegXT9jPtdIGdhga+sUEdAr1CiG46aB+c64xQEYyEzlwWVTNzA==",
            "dev": true,
            "requires": {
                "@types/yargs-parser": "*"
            }
        },
        "@types/yargs-parser": {
            "version": "15.0.0",
            "resolved": "https://registry.npmjs.org/@types/yargs-parser/-/yargs-parser-15.0.0.tgz",
            "integrity": "sha512-FA/BWv8t8ZWJ+gEOnLLd8ygxH/2UFbAvgEonyfN6yWGLKc7zVjbpl2Y4CTjid9h2RfgPP6SEt6uHwEOply00yw==",
            "dev": true
        },
        "ansi-regex": {
            "version": "4.1.0",
            "resolved": "https://registry.npmjs.org/ansi-regex/-/ansi-regex-4.1.0.tgz",
            "integrity": "sha512-1apePfXM1UOSqw0o9IiFAovVz9M5S1Dg+4TrDwfMewQ6p/rmMueb7tWZjQ1rx4Loy1ArBggoqGpfqqdI4rondg==",
            "dev": true
        },
        "ansi-styles": {
            "version": "3.2.1",
            "resolved": "https://registry.npmjs.org/ansi-styles/-/ansi-styles-3.2.1.tgz",
            "integrity": "sha512-VT0ZI6kZRdTh8YyJw3SMbYm/u+NqfsAxEpWO0Pf9sq8/e94WxxOpPKx9FR1FlyCtOVDNOQ+8ntlqFxiRc+r5qA==",
            "dev": true,
            "requires": {
                "color-convert": "^1.9.0"
            }
        },
        "aria-query": {
            "version": "4.0.2",
            "resolved": "https://registry.npmjs.org/aria-query/-/aria-query-4.0.2.tgz",
            "integrity": "sha512-S1G1V790fTaigUSM/Gd0NngzEfiMy9uTUfMyHhKhVyy4cH5O/eTuR01ydhGL0z4Za1PXFTRGH3qL8VhUQuEO5w==",
            "dev": true,
            "requires": {
                "@babel/runtime": "^7.7.4",
                "@babel/runtime-corejs3": "^7.7.4"
            }
        },
        "buffer-from": {
            "version": "1.1.1",
            "resolved": "https://registry.npmjs.org/buffer-from/-/buffer-from-1.1.1.tgz",
            "integrity": "sha512-MQcXEUbCKtEo7bhqEs6560Hyd4XaovZlO/k9V3hjVUF/zwW7KBVdSK4gIt/bzwS9MbR5qob+F5jusZsb0YQK2A==",
            "dev": true
        },
        "chalk": {
            "version": "3.0.0",
            "resolved": "https://registry.npmjs.org/chalk/-/chalk-3.0.0.tgz",
            "integrity": "sha512-4D3B6Wf41KOYRFdszmDqMCGq5VV/uMAB273JILmO+3jAlh8X4qDtdtgCR3fxtbLEMzSx22QdhnDcJvu2u1fVwg==",
            "dev": true,
            "requires": {
                "ansi-styles": "^4.1.0",
                "supports-color": "^7.1.0"
            },
            "dependencies": {
                "ansi-styles": {
                    "version": "4.2.1",
                    "resolved": "https://registry.npmjs.org/ansi-styles/-/ansi-styles-4.2.1.tgz",
                    "integrity": "sha512-9VGjrMsG1vePxcSweQsN20KY/c4zN0h9fLjqAbwbPfahM3t+NL+M9HC8xeXG2I8pX5NoamTGNuomEUFI7fcUjA==",
                    "dev": true,
                    "requires": {
                        "@types/color-name": "^1.1.1",
                        "color-convert": "^2.0.1"
                    }
                },
                "color-convert": {
                    "version": "2.0.1",
                    "resolved": "https://registry.npmjs.org/color-convert/-/color-convert-2.0.1.tgz",
                    "integrity": "sha512-RRECPsj7iu/xb5oKYcsFHSppFNnsj/52OVTRKb4zP5onXwVF3zVmmToNcOfGC+CRDpfK/U584fMg38ZHCaElKQ==",
                    "dev": true,
                    "requires": {
                        "color-name": "~1.1.4"
                    }
                },
                "color-name": {
                    "version": "1.1.4",
                    "resolved": "https://registry.npmjs.org/color-name/-/color-name-1.1.4.tgz",
                    "integrity": "sha512-dOy+3AuW3a2wNbZHIuMZpTcgjGuLU/uBL/ubcZF9OXbDo8ff4O8yVp5Bf0efS8uEoYo5q4Fx7dY9OgQGXgAsQA==",
                    "dev": true
                }
            }
        },
        "color-convert": {
            "version": "1.9.3",
            "resolved": "https://registry.npmjs.org/color-convert/-/color-convert-1.9.3.tgz",
            "integrity": "sha512-QfAUtd+vFdAtFQcC8CCyYt1fYWxSqAiK2cSD6zDB8N3cpsEBAvRxp9zOGg6G/SHHJYAT88/az/IuDGALsNVbGg==",
            "dev": true,
            "requires": {
                "color-name": "1.1.3"
            }
        },
        "color-name": {
            "version": "1.1.3",
            "resolved": "https://registry.npmjs.org/color-name/-/color-name-1.1.3.tgz",
            "integrity": "sha1-p9BVi9icQveV3UIyj3QIMcpTvCU=",
            "dev": true
        },
        "core-js-pure": {
            "version": "3.6.4",
            "resolved": "https://registry.npmjs.org/core-js-pure/-/core-js-pure-3.6.4.tgz",
            "integrity": "sha512-epIhRLkXdgv32xIUFaaAry2wdxZYBi6bgM7cB136dzzXXa+dFyRLTZeLUJxnd8ShrmyVXBub63n2NHo2JAt8Cw==",
            "dev": true
        },
        "csstype": {
            "version": "2.6.9",
            "resolved": "https://registry.npmjs.org/csstype/-/csstype-2.6.9.tgz",
            "integrity": "sha512-xz39Sb4+OaTsULgUERcCk+TJj8ylkL4aSVDQiX/ksxbELSqwkgt4d4RD7fovIdgJGSuNYqwZEiVjYY5l0ask+Q==",
            "dev": true
        },
        "dom-accessibility-api": {
            "version": "0.3.0",
            "resolved": "https://registry.npmjs.org/dom-accessibility-api/-/dom-accessibility-api-0.3.0.tgz",
            "integrity": "sha512-PzwHEmsRP3IGY4gv/Ug+rMeaTIyTJvadCb+ujYXYeIylbHJezIyNToe8KfEgHTCEYyC+/bUghYOGg8yMGlZ6vA==",
            "dev": true
        },
        "has-flag": {
            "version": "4.0.0",
            "resolved": "https://registry.npmjs.org/has-flag/-/has-flag-4.0.0.tgz",
            "integrity": "sha512-EykJT/Q1KjTWctppgIAgfSO0tKVuZUjhgMr17kqTumMl6Afv3EISleU7qZUzoXDFTAHTDC4NOoG/ZxU3EvlMPQ==",
            "dev": true
        },
        "long": {
            "version": "4.0.0",
            "resolved": "https://registry.npmjs.org/long/-/long-4.0.0.tgz",
            "integrity": "sha512-XsP+KhQif4bjX1kbuSiySJFNAehNxgLb6hPRGJ9QsUr8ajHkuXGdrHmFUTUUXhDwVX2R5bY4JNZEwbUiMhV+MA==",
            "dev": true
        },
        "pretty-format": {
            "version": "25.1.0",
            "resolved": "https://registry.npmjs.org/pretty-format/-/pretty-format-25.1.0.tgz",
            "integrity": "sha512-46zLRSGLd02Rp+Lhad9zzuNZ+swunitn8zIpfD2B4OPCRLXbM87RJT2aBLBWYOznNUML/2l/ReMyWNC80PJBUQ==",
            "dev": true,
            "requires": {
                "@jest/types": "^25.1.0",
                "ansi-regex": "^5.0.0",
                "ansi-styles": "^4.0.0",
                "react-is": "^16.12.0"
            },
            "dependencies": {
                "@jest/types": {
                    "version": "25.1.0",
                    "resolved": "https://registry.npmjs.org/@jest/types/-/types-25.1.0.tgz",
                    "integrity": "sha512-VpOtt7tCrgvamWZh1reVsGADujKigBUFTi19mlRjqEGsE8qH4r3s+skY33dNdXOwyZIvuftZ5tqdF1IgsMejMA==",
                    "dev": true,
                    "requires": {
                        "@types/istanbul-lib-coverage": "^2.0.0",
                        "@types/istanbul-reports": "^1.1.1",
                        "@types/yargs": "^15.0.0",
                        "chalk": "^3.0.0"
                    }
                },
                "@types/yargs": {
                    "version": "15.0.4",
                    "resolved": "https://registry.npmjs.org/@types/yargs/-/yargs-15.0.4.tgz",
                    "integrity": "sha512-9T1auFmbPZoxHz0enUFlUuKRy3it01R+hlggyVUMtnCTQRunsQYifnSGb8hET4Xo8yiC0o0r1paW3ud5+rbURg==",
                    "dev": true,
                    "requires": {
                        "@types/yargs-parser": "*"
                    }
                },
                "ansi-regex": {
                    "version": "5.0.0",
                    "resolved": "https://registry.npmjs.org/ansi-regex/-/ansi-regex-5.0.0.tgz",
                    "integrity": "sha512-bY6fj56OUQ0hU1KjFNDQuJFezqKdrAyFdIevADiqrWHwSlbmBNMHp5ak2f40Pm8JTFyM2mqxkG6ngkHO11f/lg==",
                    "dev": true
                },
                "ansi-styles": {
                    "version": "4.2.1",
                    "resolved": "https://registry.npmjs.org/ansi-styles/-/ansi-styles-4.2.1.tgz",
                    "integrity": "sha512-9VGjrMsG1vePxcSweQsN20KY/c4zN0h9fLjqAbwbPfahM3t+NL+M9HC8xeXG2I8pX5NoamTGNuomEUFI7fcUjA==",
                    "dev": true,
                    "requires": {
                        "@types/color-name": "^1.1.1",
                        "color-convert": "^2.0.1"
                    }
                },
                "color-convert": {
                    "version": "2.0.1",
                    "resolved": "https://registry.npmjs.org/color-convert/-/color-convert-2.0.1.tgz",
                    "integrity": "sha512-RRECPsj7iu/xb5oKYcsFHSppFNnsj/52OVTRKb4zP5onXwVF3zVmmToNcOfGC+CRDpfK/U584fMg38ZHCaElKQ==",
                    "dev": true,
                    "requires": {
                        "color-name": "~1.1.4"
                    }
                },
                "color-name": {
                    "version": "1.1.4",
                    "resolved": "https://registry.npmjs.org/color-name/-/color-name-1.1.4.tgz",
                    "integrity": "sha512-dOy+3AuW3a2wNbZHIuMZpTcgjGuLU/uBL/ubcZF9OXbDo8ff4O8yVp5Bf0efS8uEoYo5q4Fx7dY9OgQGXgAsQA==",
                    "dev": true
                }
            }
        },
        "protobufjs": {
            "version": "6.8.8",
            "resolved": "https://registry.npmjs.org/protobufjs/-/protobufjs-6.8.8.tgz",
            "integrity": "sha512-AAmHtD5pXgZfi7GMpllpO3q1Xw1OYldr+dMUlAnffGTAhqkg72WdmSY71uKBF/JuyiKs8psYbtKrhi0ASCD8qw==",
            "dev": true,
            "requires": {
                "@protobufjs/aspromise": "^1.1.2",
                "@protobufjs/base64": "^1.1.2",
                "@protobufjs/codegen": "^2.0.4",
                "@protobufjs/eventemitter": "^1.1.0",
                "@protobufjs/fetch": "^1.1.0",
                "@protobufjs/float": "^1.0.2",
                "@protobufjs/inquire": "^1.1.0",
                "@protobufjs/path": "^1.1.2",
                "@protobufjs/pool": "^1.1.0",
                "@protobufjs/utf8": "^1.1.0",
                "@types/long": "^4.0.0",
                "@types/node": "^10.1.0",
                "long": "^4.0.0"
            }
        },
        "react-is": {
            "version": "16.13.0",
            "resolved": "https://registry.npmjs.org/react-is/-/react-is-16.13.0.tgz",
            "integrity": "sha512-GFMtL0vHkiBv9HluwNZTggSn/sCyEt9n02aM0dSAjGGyqyNlAyftYm4phPxdvCigG15JreC5biwxCgTAJZ7yAA==",
            "dev": true
        },
        "regenerator-runtime": {
            "version": "0.13.5",
            "resolved": "https://registry.npmjs.org/regenerator-runtime/-/regenerator-runtime-0.13.5.tgz",
            "integrity": "sha512-ZS5w8CpKFinUzOwW3c83oPeVXoNsrLsaCoLtJvAClH135j/R77RuymhiSErhm2lKcwSCIpmvIWSbDkIfAqKQlA==",
            "dev": true
        },
        "semver": {
            "version": "5.6.0",
            "resolved": "https://registry.npmjs.org/semver/-/semver-5.6.0.tgz",
            "integrity": "sha512-RS9R6R35NYgQn++fkDWaOmqGoj4Ek9gGs+DPxNUZKuwE183xjJroKvyo1IzVFeXvUrvmALy6FWD5xrdJT25gMg==",
            "dev": true
        },
        "source-map": {
            "version": "0.6.1",
            "resolved": "https://registry.npmjs.org/source-map/-/source-map-0.6.1.tgz",
            "integrity": "sha512-UjgapumWlbMhkBgzT7Ykc5YXUT46F0iKu8SGXq0bcwP5dz/h0Plj6enJqjz1Zbq2l5WaqYnrVbwWOWMyF3F47g==",
            "dev": true
        },
        "source-map-support": {
            "version": "0.5.9",
            "resolved": "https://registry.npmjs.org/source-map-support/-/source-map-support-0.5.9.tgz",
            "integrity": "sha512-gR6Rw4MvUlYy83vP0vxoVNzM6t8MUXqNuRsuBmBHQDu1Fh6X015FrLdgoDKcNdkwGubozq0P4N0Q37UyFVr1EA==",
            "dev": true,
            "requires": {
                "buffer-from": "^1.0.0",
                "source-map": "^0.6.0"
            }
        },
        "supports-color": {
            "version": "7.1.0",
            "resolved": "https://registry.npmjs.org/supports-color/-/supports-color-7.1.0.tgz",
            "integrity": "sha512-oRSIpR8pxT1Wr2FquTNnGet79b3BWljqOuoW/h4oBhxJ/HUbX5nX6JSruTkvXDCFMwDPvsaTTbvMLKZWSy0R5g==",
            "dev": true,
            "requires": {
                "has-flag": "^4.0.0"
            }
        },
        "tslib": {
            "version": "1.11.1",
            "resolved": "https://registry.npmjs.org/tslib/-/tslib-1.11.1.tgz",
            "integrity": "sha512-aZW88SY8kQbU7gpV19lN24LtXh/yD4ZZg6qieAJDDg+YBsJcSmLGK9QpnUjAKVG/xefmvJGd1WUmfpT/g6AJGA==",
            "dev": true
        },
        "tsutils": {
            "version": "2.27.2",
            "resolved": "https://registry.npmjs.org/tsutils/-/tsutils-2.27.2.tgz",
            "integrity": "sha512-qf6rmT84TFMuxAKez2pIfR8UCai49iQsfB7YWVjV1bKpy/d0PWT5rEOSM6La9PiHZ0k1RRZQiwVdVJfQ3BPHgg==",
            "dev": true,
            "requires": {
                "tslib": "^1.8.1"
            }
        },
        "typescript": {
            "version": "3.8.3",
            "resolved": "https://registry.npmjs.org/typescript/-/typescript-3.8.3.tgz",
            "integrity": "sha512-MYlEfn5VrLNsgudQTVJeNaQFUAI7DkhnOjdpAp4T+ku1TfQClewlbSuTVHiA+8skNBgaf02TL/kLOvig4y3G8w==",
            "dev": true
        }
    }
}
